// !$*UTF8*$!
{
	archiveVersion = 1;
	classes = {
	};
	objectVersion = 55;
	objects = {

/* Begin PBXBuildFile section */
		2107FC40284F92B8005A6B40 /* Stack.swift in Sources */ = {isa = PBXBuildFile; fileRef = 2107FC3F284F92B8005A6B40 /* Stack.swift */; };
		210D1DE3283D1E880063F953 /* main.swift in Sources */ = {isa = PBXBuildFile; fileRef = 210D1DE2283D1E880063F953 /* main.swift */; };
		21DFE1EB2846563D00BB9538 /* QuickUnion.swift in Sources */ = {isa = PBXBuildFile; fileRef = 21DFE1EA2846563D00BB9538 /* QuickUnion.swift */; };
		21DFE1ED284659D800BB9538 /* QuickFind.swift in Sources */ = {isa = PBXBuildFile; fileRef = 21DFE1EC284659D800BB9538 /* QuickFind.swift */; };
/* End PBXBuildFile section */

/* Begin PBXCopyFilesBuildPhase section */
		210D1DDD283D1E880063F953 /* CopyFiles */ = {
			isa = PBXCopyFilesBuildPhase;
			buildActionMask = 2147483647;
			dstPath = /usr/share/man/man1/;
			dstSubfolderSpec = 0;
			files = (
			);
			runOnlyForDeploymentPostprocessing = 1;
		};
/* End PBXCopyFilesBuildPhase section */

/* Begin PBXFileReference section */
		2107FC3F284F92B8005A6B40 /* Stack.swift */ = {isa = PBXFileReference; lastKnownFileType = sourcecode.swift; path = Stack.swift; sourceTree = "<group>"; };
		210D1DDF283D1E880063F953 /* DS&Algorithm */ = {isa = PBXFileReference; explicitFileType = "compiled.mach-o.executable"; includeInIndex = 0; path = "DS&Algorithm"; sourceTree = BUILT_PRODUCTS_DIR; };
		210D1DE2283D1E880063F953 /* main.swift */ = {isa = PBXFileReference; lastKnownFileType = sourcecode.swift; path = main.swift; sourceTree = "<group>"; };
		21DFE1EA2846563D00BB9538 /* QuickUnion.swift */ = {isa = PBXFileReference; lastKnownFileType = sourcecode.swift; path = QuickUnion.swift; sourceTree = "<group>"; };
		21DFE1EC284659D800BB9538 /* QuickFind.swift */ = {isa = PBXFileReference; lastKnownFileType = sourcecode.swift; path = QuickFind.swift; sourceTree = "<group>"; };
/* End PBXFileReference section */

/* Begin PBXFrameworksBuildPhase section */
		210D1DDC283D1E880063F953 /* Frameworks */ = {
			isa = PBXFrameworksBuildPhase;
			buildActionMask = 2147483647;
			files = (
			);
			runOnlyForDeploymentPostprocessing = 0;
		};
/* End PBXFrameworksBuildPhase section */

/* Begin PBXGroup section */
		2107FC3E284F92A8005A6B40 /* DataStructure */ = {
			isa = PBXGroup;
			children = (
				2107FC3F284F92B8005A6B40 /* Stack.swift */,
			);
			path = DataStructure;
			sourceTree = "<group>";
		};
		210D1DD6283D1E880063F953 = {
			isa = PBXGroup;
			children = (
				210D1DE1283D1E880063F953 /* DS&Algorithm */,
				210D1DE0283D1E880063F953 /* Products */,
			);
			sourceTree = "<group>";
		};
		210D1DE0283D1E880063F953 /* Products */ = {
			isa = PBXGroup;
			children = (
				210D1DDF283D1E880063F953 /* DS&Algorithm */,
			);
			name = Products;
			sourceTree = "<group>";
		};
		210D1DE1283D1E880063F953 /* DS&Algorithm */ = {
			isa = PBXGroup;
			children = (
				210D1DE2283D1E880063F953 /* main.swift */,
				2107FC3E284F92A8005A6B40 /* DataStructure */,
				21DFE1E92846561F00BB9538 /* Disjoint Set */,
			);
			path = "DS&Algorithm";
			sourceTree = "<group>";
		};
		21DFE1E92846561F00BB9538 /* Disjoint Set */ = {
			isa = PBXGroup;
			children = (
				21DFE1EA2846563D00BB9538 /* QuickUnion.swift */,
				21DFE1EC284659D800BB9538 /* QuickFind.swift */,
			);
			path = "Disjoint Set";
			sourceTree = "<group>";
		};
/* End PBXGroup section */

/* Begin PBXNativeTarget section */
		210D1DDE283D1E880063F953 /* DS&Algorithm */ = {
			isa = PBXNativeTarget;
			buildConfigurationList = 210D1DE6283D1E880063F953 /* Build configuration list for PBXNativeTarget "DS&Algorithm" */;
			buildPhases = (
				210D1DDB283D1E880063F953 /* Sources */,
				210D1DDC283D1E880063F953 /* Frameworks */,
				210D1DDD283D1E880063F953 /* CopyFiles */,
			);
			buildRules = (
			);
			dependencies = (
			);
			name = "DS&Algorithm";
			productName = "DS&Algorithm";
			productReference = 210D1DDF283D1E880063F953 /* DS&Algorithm */;
			productType = "com.apple.product-type.tool";
		};
/* End PBXNativeTarget section */

/* Begin PBXProject section */
		210D1DD7283D1E880063F953 /* Project object */ = {
			isa = PBXProject;
			attributes = {
				BuildIndependentTargetsInParallel = 1;
				LastSwiftUpdateCheck = 1330;
				LastUpgradeCheck = 1330;
				TargetAttributes = {
					210D1DDE283D1E880063F953 = {
						CreatedOnToolsVersion = 13.3;
					};
				};
			};
			buildConfigurationList = 210D1DDA283D1E880063F953 /* Build configuration list for PBXProject "DS&Algorithm" */;
			compatibilityVersion = "Xcode 13.0";
			developmentRegion = en;
			hasScannedForEncodings = 0;
			knownRegions = (
				en,
				Base,
			);
			mainGroup = 210D1DD6283D1E880063F953;
			productRefGroup = 210D1DE0283D1E880063F953 /* Products */;
			projectDirPath = "";
			projectRoot = "";
			targets = (
				210D1DDE283D1E880063F953 /* DS&Algorithm */,
			);
		};
/* End PBXProject section */

/* Begin PBXSourcesBuildPhase section */
		210D1DDB283D1E880063F953 /* Sources */ = {
			isa = PBXSourcesBuildPhase;
			buildActionMask = 2147483647;
			files = (
				2107FC40284F92B8005A6B40 /* Stack.swift in Sources */,
				21DFE1ED284659D800BB9538 /* QuickFind.swift in Sources */,
				210D1DE3283D1E880063F953 /* main.swift in Sources */,
				21DFE1EB2846563D00BB9538 /* QuickUnion.swift in Sources */,
			);
			runOnlyForDeploymentPostprocessing = 0;
		};
/* End PBXSourcesBuildPhase section */

/* Begin XCBuildConfiguration section */
		210D1DE4283D1E880063F953 /* Debug */ = {
			isa = XCBuildConfiguration;
			buildSettings = {
				ALWAYS_SEARCH_USER_PATHS = NO;
				CLANG_ANALYZER_NONNULL = YES;
				CLANG_ANALYZER_NUMBER_OBJECT_CONVERSION = YES_AGGRESSIVE;
				CLANG_CXX_LANGUAGE_STANDARD = "gnu++17";
				CLANG_ENABLE_MODULES = YES;
				CLANG_ENABLE_OBJC_ARC = YES;
				CLANG_ENABLE_OBJC_WEAK = YES;
				CLANG_WARN_BLOCK_CAPTURE_AUTORELEASING = YES;
				CLANG_WARN_BOOL_CONVERSION = YES;
				CLANG_WARN_COMMA = YES;
				CLANG_WARN_CONSTANT_CONVERSION = YES;
				CLANG_WARN_DEPRECATED_OBJC_IMPLEMENTATIONS = YES;
				CLANG_WARN_DIRECT_OBJC_ISA_USAGE = YES_ERROR;
				CLANG_WARN_DOCUMENTATION_COMMENTS = YES;
				CLANG_WARN_EMPTY_BODY = YES;
				CLANG_WARN_ENUM_CONVERSION = YES;
				CLANG_WARN_INFINITE_RECURSION = YES;
				CLANG_WARN_INT_CONVERSION = YES;
				CLANG_WARN_NON_LITERAL_NULL_CONVERSION = YES;
				CLANG_WARN_OBJC_IMPLICIT_RETAIN_SELF = YES;
				CLANG_WARN_OBJC_LITERAL_CONVERSION = YES;
				CLANG_WARN_OBJC_ROOT_CLASS = YES_ERROR;
				CLANG_WARN_QUOTED_INCLUDE_IN_FRAMEWORK_HEADER = YES;
				CLANG_WARN_RANGE_LOOP_ANALYSIS = YES;
				CLANG_WARN_STRICT_PROTOTYPES = YES;
				CLANG_WARN_SUSPICIOUS_MOVE = YES;
				CLANG_WARN_UNGUARDED_AVAILABILITY = YES_AGGRESSIVE;
				CLANG_WARN_UNREACHABLE_CODE = YES;
				CLANG_WARN__DUPLICATE_METHOD_MATCH = YES;
				COPY_PHASE_STRIP = NO;
				DEBUG_INFORMATION_FORMAT = dwarf;
				ENABLE_STRICT_OBJC_MSGSEND = YES;
				ENABLE_TESTABILITY = YES;
				GCC_C_LANGUAGE_STANDARD = gnu11;
				GCC_DYNAMIC_NO_PIC = NO;
				GCC_NO_COMMON_BLOCKS = YES;
				GCC_OPTIMIZATION_LEVEL = 0;
				GCC_PREPROCESSOR_DEFINITIONS = (
					"DEBUG=1",
					"$(inherited)",
				);
				GCC_WARN_64_TO_32_BIT_CONVERSION = YES;
				GCC_WARN_ABOUT_RETURN_TYPE = YES_ERROR;
				GCC_WARN_UNDECLARED_SELECTOR = YES;
				GCC_WARN_UNINITIALIZED_AUTOS = YES_AGGRESSIVE;
				GCC_WARN_UNUSED_FUNCTION = YES;
				GCC_WARN_UNUSED_VARIABLE = YES;
				MACOSX_DEPLOYMENT_TARGET = 12.3;
				MTL_ENABLE_DEBUG_INFO = INCLUDE_SOURCE;
				MTL_FAST_MATH = YES;
				ONLY_ACTIVE_ARCH = YES;
				SDKROOT = macosx;
				SWIFT_ACTIVE_COMPILATION_CONDITIONS = DEBUG;
				SWIFT_OPTIMIZATION_LEVEL = "-Onone";
			};
			name = Debug;
		};
		210D1DE5283D1E880063F953 /* Release */ = {
			isa = XCBuildConfiguration;
			buildSettings = {
				ALWAYS_SEARCH_USER_PATHS = NO;
				CLANG_ANALYZER_NONNULL = YES;
				CLANG_ANALYZER_NUMBER_OBJECT_CONVERSION = YES_AGGRESSIVE;
				CLANG_CXX_LANGUAGE_STANDARD = "gnu++17";
				CLANG_ENABLE_MODULES = YES;
				CLANG_ENABLE_OBJC_ARC = YES;
				CLANG_ENABLE_OBJC_WEAK = YES;
				CLANG_WARN_BLOCK_CAPTURE_AUTORELEASING = YES;
				CLANG_WARN_BOOL_CONVERSION = YES;
				CLANG_WARN_COMMA = YES;
				CLANG_WARN_CONSTANT_CONVERSION = YES;
				CLANG_WARN_DEPRECATED_OBJC_IMPLEMENTATIONS = YES;
				CLANG_WARN_DIRECT_OBJC_ISA_USAGE = YES_ERROR;
				CLANG_WARN_DOCUMENTATION_COMMENTS = YES;
				CLANG_WARN_EMPTY_BODY = YES;
				CLANG_WARN_ENUM_CONVERSION = YES;
				CLANG_WARN_INFINITE_RECURSION = YES;
				CLANG_WARN_INT_CONVERSION = YES;
				CLANG_WARN_NON_LITERAL_NULL_CONVERSION = YES;
				CLANG_WARN_OBJC_IMPLICIT_RETAIN_SELF = YES;
				CLANG_WARN_OBJC_LITERAL_CONVERSION = YES;
				CLANG_WARN_OBJC_ROOT_CLASS = YES_ERROR;
				CLANG_WARN_QUOTED_INCLUDE_IN_FRAMEWORK_HEADER = YES;
				CLANG_WARN_RANGE_LOOP_ANALYSIS = YES;
				CLANG_WARN_STRICT_PROTOTYPES = YES;
				CLANG_WARN_SUSPICIOUS_MOVE = YES;
				CLANG_WARN_UNGUARDED_AVAILABILITY = YES_AGGRESSIVE;
				CLANG_WARN_UNREACHABLE_CODE = YES;
				CLANG_WARN__DUPLICATE_METHOD_MATCH = YES;
				COPY_PHASE_STRIP = NO;
				DEBUG_INFORMATION_FORMAT = "dwarf-with-dsym";
				ENABLE_NS_ASSERTIONS = NO;
				ENABLE_STRICT_OBJC_MSGSEND = YES;
				GCC_C_LANGUAGE_STANDARD = gnu11;
				GCC_NO_COMMON_BLOCKS = YES;
				GCC_WARN_64_TO_32_BIT_CONVERSION = YES;
				GCC_WARN_ABOUT_RETURN_TYPE = YES_ERROR;
				GCC_WARN_UNDECLARED_SELECTOR = YES;
				GCC_WARN_UNINITIALIZED_AUTOS = YES_AGGRESSIVE;
				GCC_WARN_UNUSED_FUNCTION = YES;
				GCC_WARN_UNUSED_VARIABLE = YES;
				MACOSX_DEPLOYMENT_TARGET = 12.3;
				MTL_ENABLE_DEBUG_INFO = NO;
				MTL_FAST_MATH = YES;
				SDKROOT = macosx;
				SWIFT_COMPILATION_MODE = wholemodule;
				SWIFT_OPTIMIZATION_LEVEL = "-O";
			};
			name = Release;
		};
		210D1DE7283D1E880063F953 /* Debug */ = {
			isa = XCBuildConfiguration;
			buildSettings = {
				CODE_SIGN_STYLE = Automatic;
				DEVELOPMENT_TEAM = AJK25G55CT;
				ENABLE_HARDENED_RUNTIME = YES;
				PRODUCT_NAME = "$(TARGET_NAME)";
				SWIFT_VERSION = 5.0;
			};
			name = Debug;
		};
		210D1DE8283D1E880063F953 /* Release */ = {
			isa = XCBuildConfiguration;
			buildSettings = {
				CODE_SIGN_STYLE = Automatic;
				DEVELOPMENT_TEAM = AJK25G55CT;
				ENABLE_HARDENED_RUNTIME = YES;
				PRODUCT_NAME = "$(TARGET_NAME)";
				SWIFT_VERSION = 5.0;
			};
			name = Release;
		};
/* End XCBuildConfiguration section */

/* Begin XCConfigurationList section */
		210D1DDA283D1E880063F953 /* Build configuration list for PBXProject "DS&Algorithm" */ = {
			isa = XCConfigurationList;
			buildConfigurations = (
				210D1DE4283D1E880063F953 /* Debug */,
				210D1DE5283D1E880063F953 /* Release */,
			);
			defaultConfigurationIsVisible = 0;
			defaultConfigurationName = Release;
		};
		210D1DE6283D1E880063F953 /* Build configuration list for PBXNativeTarget "DS&Algorithm" */ = {
			isa = XCConfigurationList;
			buildConfigurations = (
				210D1DE7283D1E880063F953 /* Debug */,
				210D1DE8283D1E880063F953 /* Release */,
			);
			defaultConfigurationIsVisible = 0;
			defaultConfigurationName = Release;
		};
/* End XCConfigurationList section */
	};
	rootObject = 210D1DD7283D1E880063F953 /* Project object */;
}
